PODS:
  - Alamofire (4.8.2)
  - GoogleMaps (3.1.0):
    - GoogleMaps/Maps (= 3.1.0)
  - GoogleMaps/Base (3.1.0)
  - GoogleMaps/Maps (3.1.0):
    - GoogleMaps/Base
  - GooglePlaces (3.1.0):
    - GoogleMaps/Base (= 3.1.0)
  - KOControls (1.2)
  - NVActivityIndicatorView (4.7.0):
    - NVActivityIndicatorView/Presenter (= 4.7.0)
  - NVActivityIndicatorView/Presenter (4.7.0)
  - SwiftyJSON (5.0.0)
  - Toast-Swift (5.0.0)

DEPENDENCIES:
  - Alamofire
  - GoogleMaps
  - GooglePlaces
  - KOControls
  - NVActivityIndicatorView
  - SwiftyJSON
  - Toast-Swift (~> 5.0.0)

SPEC REPOS:
  https://github.com/cocoapods/specs.git:
    - Alamofire
    - GoogleMaps
    - GooglePlaces
    - KOControls
    - NVActivityIndicatorView
    - SwiftyJSON
    - Toast-Swift

SPEC CHECKSUMS:
  Alamofire: ae5c501addb7afdbb13687d7f2f722c78734c2d3
  GoogleMaps: 5c13302e6fe6bb6e686b267196586b91cd594225
  GooglePlaces: e874db179f2675c4f3eeda0b686b540273a578b0
  KOControls: c4d6a9de48df37ed6726b490457698d2ff5c08f5
  NVActivityIndicatorView: b19ddab2576f805cbe0fb2306cba3476e09a1dea
  SwiftyJSON: 36413e04c44ee145039d332b4f4e2d3e8d6c4db7
  Toast-Swift: 36f4720243c8582c2be243a60a51e193c761f541

PODFILE CHECKSUM: f2c5f6376accffcc638ee18cefb02e340fb7ea6f

COCOAPODS: 1.5.2
